
Microsoft Visual Studio Solution File, Format Version 12.00
# Visual Studio Version 17
VisualStudioVersion = 17.5.33414.496
MinimumVisualStudioVersion = 10.0.40219.1
Project("{FAE04EC0-301F-11D3-BF4B-00C04F79EFBC}") = "G3Randomizer", "src\G3Randomizer.csproj", "{1161DD2B-273E-4B3F-AF29-0E84E3F6C4CC}"
EndProject
Global
	GlobalSection(SolutionConfigurationPlatforms) = preSolution
		Debug|Any CPU = Debug|Any CPU
		Release|Any CPU = Release|Any CPU
	EndGlobalSection
	GlobalSection(ProjectConfigurationPlatforms) = postSolution
		{1161DD2B-273E-4B3F-AF29-0E84E3F6C4CC}.Debug|Any CPU.ActiveCfg = Debug|Any CPU
		{1161DD2B-273E-4B3F-AF29-0E84E3F6C4CC}.Debug|Any CPU.Build.0 = Debug|Any CPU
		{1161DD2B-273E-4B3F-AF29-0E84E3F6C4CC}.Release|Any CPU.ActiveCfg = Release|Any CPU
		{1161DD2B-273E-4B3F-AF29-0E84E3F6C4CC}.Release|Any CPU.Build.0 = Release|Any CPU
	EndGlobalSection
	GlobalSection(SolutionProperties) = preSolution
		HideSolutionNode = FALSE
	EndGlobalSection
	GlobalSection(ExtensibilityGlobals) = postSolution
		SolutionGuid = {C6B6BF69-C229-4650-9239-76293F297F4D}
	EndGlobalSection
EndGlobal
